
Microsoft Visual Studio Solution File, Format Version 12.00
# Visual Studio Version 16
VisualStudioVersion = 16.0.30114.105
MinimumVisualStudioVersion = 10.0.40219.1
Project("{FAE04EC0-301F-11D3-BF4B-00C04F79EFBC}") = "SistemaVendas", "SistemaVendas\SistemaVendas.csproj", "{90FB043C-6C37-483C-BD90-71CE46B72E4F}"
EndProject
Global
	GlobalSection(SolutionConfigurationPlatforms) = preSolution
		Debug|Any CPU = Debug|Any CPU
		Release|Any CPU = Release|Any CPU
	EndGlobalSection
	GlobalSection(ProjectConfigurationPlatforms) = postSolution
		{90FB043C-6C37-483C-BD90-71CE46B72E4F}.Debug|Any CPU.ActiveCfg = Debug|Any CPU
		{90FB043C-6C37-483C-BD90-71CE46B72E4F}.Debug|Any CPU.Build.0 = Debug|Any CPU
		{90FB043C-6C37-483C-BD90-71CE46B72E4F}.Release|Any CPU.ActiveCfg = Release|Any CPU
		{90FB043C-6C37-483C-BD90-71CE46B72E4F}.Release|Any CPU.Build.0 = Release|Any CPU
	EndGlobalSection
	GlobalSection(SolutionProperties) = preSolution
		HideSolutionNode = FALSE
	EndGlobalSection
	GlobalSection(ExtensibilityGlobals) = postSolution
		SolutionGuid = {F9628E7C-CD0E-450D-A7BC-3FF2C01EFDFC}
	EndGlobalSection
EndGlobal
